
Microsoft Visual Studio Solution File, Format Version 12.00
# Visual Studio Version 16
VisualStudioVersion = 16.0.29905.134
MinimumVisualStudioVersion = 10.0.40219.1
Project("{9A19103F-16F7-4668-BE54-9A1E7A4F7556}") = "CodeGeneration.Roslyn.Logger", "CodeGeneration.Roslyn.Logger\CodeGeneration.Roslyn.Logger.csproj", "{1C449D51-EA94-4F62-BE5D-841E8B4BB121}"
EndProject
Project("{9A19103F-16F7-4668-BE54-9A1E7A4F7556}") = "CodeGeneration.Roslyn.Logger.Attributes", "CodeGeneration.Roslyn.Logger.Attributes\CodeGeneration.Roslyn.Logger.Attributes.csproj", "{1EB5FD3D-92B3-447C-B853-13871712BC77}"
EndProject
Project("{2150E333-8FDC-42A3-9474-1A3956D46DE8}") = "SolutionFiles", "SolutionFiles", "{B538158B-0B78-4CE3-BE32-507ABF418A6F}"
	ProjectSection(SolutionItems) = preProject
		.editorconfig = .editorconfig
		azure-pipelines.yml = azure-pipelines.yml
		Directory.Build.props = Directory.Build.props
		directory.build.targets = directory.build.targets
		global.json = global.json
		version.json = version.json
	EndProjectSection
EndProject
Project("{9A19103F-16F7-4668-BE54-9A1E7A4F7556}") = "CodeGeneration.Roslyn.Logger.Tests", "CodeGeneration.Roslyn.Logger.Tests\CodeGeneration.Roslyn.Logger.Tests.csproj", "{21BFA54A-8927-4FE0-8D9F-A5976C1F1CE4}"
EndProject
Project("{9A19103F-16F7-4668-BE54-9A1E7A4F7556}") = "CodeGeneration.Roslyn.Logger.Sample", "CodeGeneration.Roslyn.Logger.Sample\CodeGeneration.Roslyn.Logger.Sample.csproj", "{B5FB94CC-7E36-4DCB-8B06-86D6A4D9BA54}"
EndProject
Project("{9A19103F-16F7-4668-BE54-9A1E7A4F7556}") = "CodeGeneration.Roslyn.MetricsCollector", "CodeGeneration.Roslyn.MetricsCollector\CodeGeneration.Roslyn.MetricsCollector.csproj", "{8F0D6F86-0B0B-4A09-9749-AD057D6D7AAA}"
EndProject
Project("{9A19103F-16F7-4668-BE54-9A1E7A4F7556}") = "CodeGeneration.Roslyn.MetricsCollector.Attributes", "CodeGeneration.Roslyn.MetricsCollector.Attributes\CodeGeneration.Roslyn.MetricsCollector.Attributes.csproj", "{A674D9C6-0E46-4B75-9600-27D560386B87}"
EndProject
Project("{9A19103F-16F7-4668-BE54-9A1E7A4F7556}") = "MetricsCollector.Abstractions", "MetricsCollector.Abstractions\MetricsCollector.Abstractions.csproj", "{9B50F56B-073E-4B5C-8153-B7A6E76D776B}"
EndProject
Project("{9A19103F-16F7-4668-BE54-9A1E7A4F7556}") = "MetricsCollector.AppMetrics", "MetricsCollector.AppMetrics\MetricsCollector.AppMetrics.csproj", "{C38D23F9-C778-4BAC-A2FB-3D9850D8CADB}"
EndProject
Project("{9A19103F-16F7-4668-BE54-9A1E7A4F7556}") = "CodeGeneration.Roslyn.Common", "CodeGeneration.Roslyn.Common\CodeGeneration.Roslyn.Common.csproj", "{CCC5CC65-7001-4AD5-92C5-4407CD51051F}"
EndProject
Project("{9A19103F-16F7-4668-BE54-9A1E7A4F7556}") = "CodeGeneration.Roslyn.Attributes.Common", "CodeGeneration.Roslyn.Attributes.Common\CodeGeneration.Roslyn.Attributes.Common.csproj", "{65A56543-2970-4770-9838-16884DA03719}"
EndProject
Project("{9A19103F-16F7-4668-BE54-9A1E7A4F7556}") = "CodeGeneration.Roslyn.Tests.Common", "CodeGeneration.Roslyn.Tests.Common\CodeGeneration.Roslyn.Tests.Common.csproj", "{D554161F-12F5-483D-8FDB-BFD3F3939245}"
EndProject
Project("{9A19103F-16F7-4668-BE54-9A1E7A4F7556}") = "CodeGeneration.Roslyn.MetricsCollector.Tests", "CodeGeneration.Roslyn.MetricsCollector.Tests\CodeGeneration.Roslyn.MetricsCollector.Tests.csproj", "{6ACD2489-6188-41D8-904A-B14E710745EE}"
EndProject
Project("{2150E333-8FDC-42A3-9474-1A3956D46DE8}") = "Logger", "Logger", "{2E482AE6-A5A1-41E1-9499-064CA02F8407}"
EndProject
Project("{2150E333-8FDC-42A3-9474-1A3956D46DE8}") = "MetricsCollector", "MetricsCollector", "{EB4A96A2-25A1-4390-8E51-A07BCAFC7533}"
EndProject
Project("{9A19103F-16F7-4668-BE54-9A1E7A4F7556}") = "CodeGeneration.Roslyn.MetricsCollector.Sample", "CodeGeneration.Roslyn.MetricsCollector.Sample\CodeGeneration.Roslyn.MetricsCollector.Sample.csproj", "{41298DE1-5947-408E-874E-855FC5376514}"
EndProject
Project("{9A19103F-16F7-4668-BE54-9A1E7A4F7556}") = "AppBlocks.Logging.Sdk", "AppBlocks.Logging.Sdk\AppBlocks.Logging.Sdk.csproj", "{C2AA4EA6-9027-4258-A377-20E865367F25}"
EndProject
Project("{9A19103F-16F7-4668-BE54-9A1E7A4F7556}") = "AppBlocks.Monitoring.Sdk", "AppBlocks.Monitoring.Sdk\AppBlocks.Monitoring.Sdk.csproj", "{E6AEA851-CAAB-4628-9A41-F673904A458E}"
EndProject
Global
	GlobalSection(SolutionConfigurationPlatforms) = preSolution
		Debug|Any CPU = Debug|Any CPU
		Release|Any CPU = Release|Any CPU
	EndGlobalSection
	GlobalSection(ProjectConfigurationPlatforms) = postSolution
		{1C449D51-EA94-4F62-BE5D-841E8B4BB121}.Debug|Any CPU.ActiveCfg = Debug|Any CPU
		{1C449D51-EA94-4F62-BE5D-841E8B4BB121}.Debug|Any CPU.Build.0 = Debug|Any CPU
		{1C449D51-EA94-4F62-BE5D-841E8B4BB121}.Release|Any CPU.ActiveCfg = Release|Any CPU
		{1C449D51-EA94-4F62-BE5D-841E8B4BB121}.Release|Any CPU.Build.0 = Release|Any CPU
		{1EB5FD3D-92B3-447C-B853-13871712BC77}.Debug|Any CPU.ActiveCfg = Debug|Any CPU
		{1EB5FD3D-92B3-447C-B853-13871712BC77}.Debug|Any CPU.Build.0 = Debug|Any CPU
		{1EB5FD3D-92B3-447C-B853-13871712BC77}.Release|Any CPU.ActiveCfg = Release|Any CPU
		{1EB5FD3D-92B3-447C-B853-13871712BC77}.Release|Any CPU.Build.0 = Release|Any CPU
		{21BFA54A-8927-4FE0-8D9F-A5976C1F1CE4}.Debug|Any CPU.ActiveCfg = Debug|Any CPU
		{21BFA54A-8927-4FE0-8D9F-A5976C1F1CE4}.Debug|Any CPU.Build.0 = Debug|Any CPU
		{21BFA54A-8927-4FE0-8D9F-A5976C1F1CE4}.Release|Any CPU.ActiveCfg = Release|Any CPU
		{21BFA54A-8927-4FE0-8D9F-A5976C1F1CE4}.Release|Any CPU.Build.0 = Release|Any CPU
		{B5FB94CC-7E36-4DCB-8B06-86D6A4D9BA54}.Debug|Any CPU.ActiveCfg = Debug|Any CPU
		{B5FB94CC-7E36-4DCB-8B06-86D6A4D9BA54}.Debug|Any CPU.Build.0 = Debug|Any CPU
		{B5FB94CC-7E36-4DCB-8B06-86D6A4D9BA54}.Release|Any CPU.ActiveCfg = Release|Any CPU
		{B5FB94CC-7E36-4DCB-8B06-86D6A4D9BA54}.Release|Any CPU.Build.0 = Release|Any CPU
		{8F0D6F86-0B0B-4A09-9749-AD057D6D7AAA}.Debug|Any CPU.ActiveCfg = Debug|Any CPU
		{8F0D6F86-0B0B-4A09-9749-AD057D6D7AAA}.Debug|Any CPU.Build.0 = Debug|Any CPU
		{8F0D6F86-0B0B-4A09-9749-AD057D6D7AAA}.Release|Any CPU.ActiveCfg = Release|Any CPU
		{8F0D6F86-0B0B-4A09-9749-AD057D6D7AAA}.Release|Any CPU.Build.0 = Release|Any CPU
		{A674D9C6-0E46-4B75-9600-27D560386B87}.Debug|Any CPU.ActiveCfg = Debug|Any CPU
		{A674D9C6-0E46-4B75-9600-27D560386B87}.Debug|Any CPU.Build.0 = Debug|Any CPU
		{A674D9C6-0E46-4B75-9600-27D560386B87}.Release|Any CPU.ActiveCfg = Release|Any CPU
		{A674D9C6-0E46-4B75-9600-27D560386B87}.Release|Any CPU.Build.0 = Release|Any CPU
		{9B50F56B-073E-4B5C-8153-B7A6E76D776B}.Debug|Any CPU.ActiveCfg = Debug|Any CPU
		{9B50F56B-073E-4B5C-8153-B7A6E76D776B}.Debug|Any CPU.Build.0 = Debug|Any CPU
		{9B50F56B-073E-4B5C-8153-B7A6E76D776B}.Release|Any CPU.ActiveCfg = Release|Any CPU
		{9B50F56B-073E-4B5C-8153-B7A6E76D776B}.Release|Any CPU.Build.0 = Release|Any CPU
		{C38D23F9-C778-4BAC-A2FB-3D9850D8CADB}.Debug|Any CPU.ActiveCfg = Debug|Any CPU
		{C38D23F9-C778-4BAC-A2FB-3D9850D8CADB}.Debug|Any CPU.Build.0 = Debug|Any CPU
		{C38D23F9-C778-4BAC-A2FB-3D9850D8CADB}.Release|Any CPU.ActiveCfg = Release|Any CPU
		{C38D23F9-C778-4BAC-A2FB-3D9850D8CADB}.Release|Any CPU.Build.0 = Release|Any CPU
		{CCC5CC65-7001-4AD5-92C5-4407CD51051F}.Debug|Any CPU.ActiveCfg = Debug|Any CPU
		{CCC5CC65-7001-4AD5-92C5-4407CD51051F}.Debug|Any CPU.Build.0 = Debug|Any CPU
		{CCC5CC65-7001-4AD5-92C5-4407CD51051F}.Release|Any CPU.ActiveCfg = Release|Any CPU
		{CCC5CC65-7001-4AD5-92C5-4407CD51051F}.Release|Any CPU.Build.0 = Release|Any CPU
		{65A56543-2970-4770-9838-16884DA03719}.Debug|Any CPU.ActiveCfg = Debug|Any CPU
		{65A56543-2970-4770-9838-16884DA03719}.Debug|Any CPU.Build.0 = Debug|Any CPU
		{65A56543-2970-4770-9838-16884DA03719}.Release|Any CPU.ActiveCfg = Release|Any CPU
		{65A56543-2970-4770-9838-16884DA03719}.Release|Any CPU.Build.0 = Release|Any CPU
		{D554161F-12F5-483D-8FDB-BFD3F3939245}.Debug|Any CPU.ActiveCfg = Debug|Any CPU
		{D554161F-12F5-483D-8FDB-BFD3F3939245}.Debug|Any CPU.Build.0 = Debug|Any CPU
		{D554161F-12F5-483D-8FDB-BFD3F3939245}.Release|Any CPU.ActiveCfg = Release|Any CPU
		{D554161F-12F5-483D-8FDB-BFD3F3939245}.Release|Any CPU.Build.0 = Release|Any CPU
		{6ACD2489-6188-41D8-904A-B14E710745EE}.Debug|Any CPU.ActiveCfg = Debug|Any CPU
		{6ACD2489-6188-41D8-904A-B14E710745EE}.Debug|Any CPU.Build.0 = Debug|Any CPU
		{6ACD2489-6188-41D8-904A-B14E710745EE}.Release|Any CPU.ActiveCfg = Release|Any CPU
		{6ACD2489-6188-41D8-904A-B14E710745EE}.Release|Any CPU.Build.0 = Release|Any CPU
		{41298DE1-5947-408E-874E-855FC5376514}.Debug|Any CPU.ActiveCfg = Debug|Any CPU
		{41298DE1-5947-408E-874E-855FC5376514}.Debug|Any CPU.Build.0 = Debug|Any CPU
		{41298DE1-5947-408E-874E-855FC5376514}.Release|Any CPU.ActiveCfg = Release|Any CPU
		{41298DE1-5947-408E-874E-855FC5376514}.Release|Any CPU.Build.0 = Release|Any CPU
		{C2AA4EA6-9027-4258-A377-20E865367F25}.Debug|Any CPU.ActiveCfg = Debug|Any CPU
		{C2AA4EA6-9027-4258-A377-20E865367F25}.Debug|Any CPU.Build.0 = Debug|Any CPU
		{C2AA4EA6-9027-4258-A377-20E865367F25}.Release|Any CPU.ActiveCfg = Release|Any CPU
		{C2AA4EA6-9027-4258-A377-20E865367F25}.Release|Any CPU.Build.0 = Release|Any CPU
		{E6AEA851-CAAB-4628-9A41-F673904A458E}.Debug|Any CPU.ActiveCfg = Debug|Any CPU
		{E6AEA851-CAAB-4628-9A41-F673904A458E}.Debug|Any CPU.Build.0 = Debug|Any CPU
		{E6AEA851-CAAB-4628-9A41-F673904A458E}.Release|Any CPU.ActiveCfg = Release|Any CPU
		{E6AEA851-CAAB-4628-9A41-F673904A458E}.Release|Any CPU.Build.0 = Release|Any CPU
	EndGlobalSection
	GlobalSection(SolutionProperties) = preSolution
		HideSolutionNode = FALSE
	EndGlobalSection
	GlobalSection(NestedProjects) = preSolution
		{1C449D51-EA94-4F62-BE5D-841E8B4BB121} = {2E482AE6-A5A1-41E1-9499-064CA02F8407}
		{1EB5FD3D-92B3-447C-B853-13871712BC77} = {2E482AE6-A5A1-41E1-9499-064CA02F8407}
		{21BFA54A-8927-4FE0-8D9F-A5976C1F1CE4} = {2E482AE6-A5A1-41E1-9499-064CA02F8407}
		{B5FB94CC-7E36-4DCB-8B06-86D6A4D9BA54} = {2E482AE6-A5A1-41E1-9499-064CA02F8407}
		{8F0D6F86-0B0B-4A09-9749-AD057D6D7AAA} = {EB4A96A2-25A1-4390-8E51-A07BCAFC7533}
		{A674D9C6-0E46-4B75-9600-27D560386B87} = {EB4A96A2-25A1-4390-8E51-A07BCAFC7533}
		{9B50F56B-073E-4B5C-8153-B7A6E76D776B} = {EB4A96A2-25A1-4390-8E51-A07BCAFC7533}
		{C38D23F9-C778-4BAC-A2FB-3D9850D8CADB} = {EB4A96A2-25A1-4390-8E51-A07BCAFC7533}
		{6ACD2489-6188-41D8-904A-B14E710745EE} = {EB4A96A2-25A1-4390-8E51-A07BCAFC7533}
		{41298DE1-5947-408E-874E-855FC5376514} = {EB4A96A2-25A1-4390-8E51-A07BCAFC7533}
		{C2AA4EA6-9027-4258-A377-20E865367F25} = {2E482AE6-A5A1-41E1-9499-064CA02F8407}
		{E6AEA851-CAAB-4628-9A41-F673904A458E} = {EB4A96A2-25A1-4390-8E51-A07BCAFC7533}
	EndGlobalSection
	GlobalSection(ExtensibilityGlobals) = postSolution
		SolutionGuid = {08081B8B-7EB3-4CA2-A773-0D4CC4EB8D13}
	EndGlobalSection
EndGlobal
