
Microsoft Visual Studio Solution File, Format Version 12.00
# Visual Studio Version 16
VisualStudioVersion = 16.0.29905.134
MinimumVisualStudioVersion = 10.0.40219.1
Project("{9A19103F-16F7-4668-BE54-9A1E7A4F7556}") = "CodeGeneration.Roslyn.Logger", "CodeGeneration.Roslyn.Logger\CodeGeneration.Roslyn.Logger.csproj", "{1C449D51-EA94-4F62-BE5D-841E8B4BB121}"
EndProject
Project("{9A19103F-16F7-4668-BE54-9A1E7A4F7556}") = "CodeGeneration.Roslyn.Logger.Attributes", "CodeGeneration.Roslyn.Logger.Attributes\CodeGeneration.Roslyn.Logger.Attributes.csproj", "{1EB5FD3D-92B3-447C-B853-13871712BC77}"
EndProject
Project("{2150E333-8FDC-42A3-9474-1A3956D46DE8}") = "SolutionFiles", "SolutionFiles", "{B538158B-0B78-4CE3-BE32-507ABF418A6F}"
ProjectSection(SolutionItems) = preProject
	.editorconfig = .editorconfig
	Directory.Build.props = Directory.Build.props
	directory.build.targets = directory.build.targets
	global.json = global.json
	azure-pipelines.yml = azure-pipelines.yml
	version.json = version.json
EndProjectSection
EndProject
Project("{FAE04EC0-301F-11D3-BF4B-00C04F79EFBC}") = "CodeGeneration.Roslyn.Logger.Tests", "CodeGeneration.Roslyn.Logger.Tests\CodeGeneration.Roslyn.Logger.Tests.csproj", "{21BFA54A-8927-4FE0-8D9F-A5976C1F1CE4}"
EndProject
Global
	GlobalSection(SolutionConfigurationPlatforms) = preSolution
		Debug|Any CPU = Debug|Any CPU
		Release|Any CPU = Release|Any CPU
	EndGlobalSection
	GlobalSection(ProjectConfigurationPlatforms) = postSolution
		{1C449D51-EA94-4F62-BE5D-841E8B4BB121}.Debug|Any CPU.ActiveCfg = Debug|Any CPU
		{1C449D51-EA94-4F62-BE5D-841E8B4BB121}.Debug|Any CPU.Build.0 = Debug|Any CPU
		{1C449D51-EA94-4F62-BE5D-841E8B4BB121}.Release|Any CPU.ActiveCfg = Release|Any CPU
		{1C449D51-EA94-4F62-BE5D-841E8B4BB121}.Release|Any CPU.Build.0 = Release|Any CPU
		{1EB5FD3D-92B3-447C-B853-13871712BC77}.Debug|Any CPU.ActiveCfg = Debug|Any CPU
		{1EB5FD3D-92B3-447C-B853-13871712BC77}.Debug|Any CPU.Build.0 = Debug|Any CPU
		{1EB5FD3D-92B3-447C-B853-13871712BC77}.Release|Any CPU.ActiveCfg = Release|Any CPU
		{1EB5FD3D-92B3-447C-B853-13871712BC77}.Release|Any CPU.Build.0 = Release|Any CPU
		{21BFA54A-8927-4FE0-8D9F-A5976C1F1CE4}.Debug|Any CPU.ActiveCfg = Debug|Any CPU
		{21BFA54A-8927-4FE0-8D9F-A5976C1F1CE4}.Debug|Any CPU.Build.0 = Debug|Any CPU
		{21BFA54A-8927-4FE0-8D9F-A5976C1F1CE4}.Release|Any CPU.ActiveCfg = Release|Any CPU
		{21BFA54A-8927-4FE0-8D9F-A5976C1F1CE4}.Release|Any CPU.Build.0 = Release|Any CPU
	EndGlobalSection
	GlobalSection(SolutionProperties) = preSolution
		HideSolutionNode = FALSE
	EndGlobalSection
	GlobalSection(ExtensibilityGlobals) = postSolution
		SolutionGuid = {08081B8B-7EB3-4CA2-A773-0D4CC4EB8D13}
	EndGlobalSection
EndGlobal
